// !$*UTF8*$!
{
	archiveVersion = 1;
	classes = {
	};
	objectVersion = 46;
	objects = {

/* Begin PBXBuildFile section */
		699D9BD71544D1C600871972 /* Cocoa.framework in Frameworks */ = {isa = PBXBuildFile; fileRef = 699D9BD61544D1C600871972 /* Cocoa.framework */; };
		699D9BE11544D1C600871972 /* InfoPlist.strings in Resources */ = {isa = PBXBuildFile; fileRef = 699D9BDF1544D1C600871972 /* InfoPlist.strings */; };
		699D9BE31544D1C600871972 /* main.m in Sources */ = {isa = PBXBuildFile; fileRef = 699D9BE21544D1C600871972 /* main.m */; };
		699D9BE71544D1C600871972 /* Credits.rtf in Resources */ = {isa = PBXBuildFile; fileRef = 699D9BE51544D1C600871972 /* Credits.rtf */; };
		699D9BEA1544D1C600871972 /* AppDelegate.m in Sources */ = {isa = PBXBuildFile; fileRef = 699D9BE91544D1C600871972 /* AppDelegate.m */; };
		699D9BED1544D1C600871972 /* MainMenu.xib in Resources */ = {isa = PBXBuildFile; fileRef = 699D9BEB1544D1C600871972 /* MainMenu.xib */; };
		699D9BF51544D5AB00871972 /* Foo.m in Sources */ = {isa = PBXBuildFile; fileRef = 699D9BF41544D5AB00871972 /* Foo.m */; };
/* End PBXBuildFile section */

/* Begin PBXFileReference section */
		699D9BD21544D1C600871972 /* RandomAPP.app */ = {isa = PBXFileReference; explicitFileType = wrapper.application; includeInIndex = 0; path = RandomAPP.app; sourceTree = BUILT_PRODUCTS_DIR; };
		699D9BD61544D1C600871972 /* Cocoa.framework */ = {isa = PBXFileReference; lastKnownFileType = wrapper.framework; name = Cocoa.framework; path = System/Library/Frameworks/Cocoa.framework; sourceTree = SDKROOT; };
		699D9BD91544D1C600871972 /* AppKit.framework */ = {isa = PBXFileReference; lastKnownFileType = wrapper.framework; name = AppKit.framework; path = System/Library/Frameworks/AppKit.framework; sourceTree = SDKROOT; };
		699D9BDA1544D1C600871972 /* CoreData.framework */ = {isa = PBXFileReference; lastKnownFileType = wrapper.framework; name = CoreData.framework; path = System/Library/Frameworks/CoreData.framework; sourceTree = SDKROOT; };
		699D9BDB1544D1C600871972 /* Foundation.framework */ = {isa = PBXFileReference; lastKnownFileType = wrapper.framework; name = Foundation.framework; path = System/Library/Frameworks/Foundation.framework; sourceTree = SDKROOT; };
		699D9BDE1544D1C600871972 /* RandomAPP-Info.plist */ = {isa = PBXFileReference; lastKnownFileType = text.plist.xml; path = "RandomAPP-Info.plist"; sourceTree = "<group>"; };
		699D9BE01544D1C600871972 /* en */ = {isa = PBXFileReference; lastKnownFileType = text.plist.strings; name = en; path = en.lproj/InfoPlist.strings; sourceTree = "<group>"; };
		699D9BE21544D1C600871972 /* main.m */ = {isa = PBXFileReference; lastKnownFileType = sourcecode.c.objc; path = main.m; sourceTree = "<group>"; };
		699D9BE41544D1C600871972 /* RandomAPP-Prefix.pch */ = {isa = PBXFileReference; lastKnownFileType = sourcecode.c.h; path = "RandomAPP-Prefix.pch"; sourceTree = "<group>"; };
		699D9BE61544D1C600871972 /* en */ = {isa = PBXFileReference; lastKnownFileType = text.rtf; name = en; path = en.lproj/Credits.rtf; sourceTree = "<group>"; };
		699D9BE81544D1C600871972 /* AppDelegate.h */ = {isa = PBXFileReference; lastKnownFileType = sourcecode.c.h; path = AppDelegate.h; sourceTree = "<group>"; };
		699D9BE91544D1C600871972 /* AppDelegate.m */ = {isa = PBXFileReference; lastKnownFileType = sourcecode.c.objc; path = AppDelegate.m; sourceTree = "<group>"; };
		699D9BEC1544D1C600871972 /* en */ = {isa = PBXFileReference; lastKnownFileType = file.xib; name = en; path = en.lproj/MainMenu.xib; sourceTree = "<group>"; };
		699D9BF31544D5AB00871972 /* Foo.h */ = {isa = PBXFileReference; fileEncoding = 4; lastKnownFileType = sourcecode.c.h; path = Foo.h; sourceTree = "<group>"; };
		699D9BF41544D5AB00871972 /* Foo.m */ = {isa = PBXFileReference; fileEncoding = 4; lastKnownFileType = sourcecode.c.objc; path = Foo.m; sourceTree = "<group>"; };
/* End PBXFileReference section */

/* Begin PBXFrameworksBuildPhase section */
		699D9BCF1544D1C600871972 /* Frameworks */ = {
			isa = PBXFrameworksBuildPhase;
			buildActionMask = 2147483647;
			files = (
				699D9BD71544D1C600871972 /* Cocoa.framework in Frameworks */,
			);
			runOnlyForDeploymentPostprocessing = 0;
		};
/* End PBXFrameworksBuildPhase section */

/* Begin PBXGroup section */
		699D9BC71544D1C500871972 = {
			isa = PBXGroup;
			children = (
				699D9BDC1544D1C600871972 /* RandomAPP */,
				699D9BD51544D1C600871972 /* Frameworks */,
				699D9BD31544D1C600871972 /* Products */,
			);
			sourceTree = "<group>";
		};
		699D9BD31544D1C600871972 /* Products */ = {
			isa = PBXGroup;
			children = (
				699D9BD21544D1C600871972 /* RandomAPP.app */,
			);
			name = Products;
			sourceTree = "<group>";
		};
		699D9BD51544D1C600871972 /* Frameworks */ = {
			isa = PBXGroup;
			children = (
				699D9BD61544D1C600871972 /* Cocoa.framework */,
				699D9BD81544D1C600871972 /* Other Frameworks */,
			);
			name = Frameworks;
			sourceTree = "<group>";
		};
		699D9BD81544D1C600871972 /* Other Frameworks */ = {
			isa = PBXGroup;
			children = (
				699D9BD91544D1C600871972 /* AppKit.framework */,
				699D9BDA1544D1C600871972 /* CoreData.framework */,
				699D9BDB1544D1C600871972 /* Foundation.framework */,
			);
			name = "Other Frameworks";
			sourceTree = "<group>";
		};
		699D9BDC1544D1C600871972 /* RandomAPP */ = {
			isa = PBXGroup;
			children = (
				699D9BE81544D1C600871972 /* AppDelegate.h */,
				699D9BE91544D1C600871972 /* AppDelegate.m */,
				699D9BEB1544D1C600871972 /* MainMenu.xib */,
				699D9BF31544D5AB00871972 /* Foo.h */,
				699D9BF41544D5AB00871972 /* Foo.m */,
				699D9BDD1544D1C600871972 /* Supporting Files */,
			);
			path = RandomAPP;
			sourceTree = "<group>";
		};
		699D9BDD1544D1C600871972 /* Supporting Files */ = {
			isa = PBXGroup;
			children = (
				699D9BDE1544D1C600871972 /* RandomAPP-Info.plist */,
				699D9BDF1544D1C600871972 /* InfoPlist.strings */,
				699D9BE21544D1C600871972 /* main.m */,
				699D9BE41544D1C600871972 /* RandomAPP-Prefix.pch */,
				699D9BE51544D1C600871972 /* Credits.rtf */,
			);
			name = "Supporting Files";
			sourceTree = "<group>";
		};
/* End PBXGroup section */

/* Begin PBXNativeTarget section */
		699D9BD11544D1C600871972 /* RandomAPP */ = {
			isa = PBXNativeTarget;
			buildConfigurationList = 699D9BF01544D1C600871972 /* Build configuration list for PBXNativeTarget "RandomAPP" */;
			buildPhases = (
				699D9BCE1544D1C600871972 /* Sources */,
				699D9BCF1544D1C600871972 /* Frameworks */,
				699D9BD01544D1C600871972 /* Resources */,
			);
			buildRules = (
			);
			dependencies = (
			);
			name = RandomAPP;
			productName = RandomAPP;
			productReference = 699D9BD21544D1C600871972 /* RandomAPP.app */;
			productType = "com.apple.product-type.application";
		};
/* End PBXNativeTarget section */

/* Begin PBXProject section */
		699D9BC91544D1C500871972 /* Project object */ = {
			isa = PBXProject;
			attributes = {
				LastUpgradeCheck = 0430;
			};
			buildConfigurationList = 699D9BCC1544D1C500871972 /* Build configuration list for PBXProject "RandomAPP" */;
			compatibilityVersion = "Xcode 3.2";
			developmentRegion = English;
			hasScannedForEncodings = 0;
			knownRegions = (
				en,
			);
			mainGroup = 699D9BC71544D1C500871972;
			productRefGroup = 699D9BD31544D1C600871972 /* Products */;
			projectDirPath = "";
			projectRoot = "";
			targets = (
				699D9BD11544D1C600871972 /* RandomAPP */,
			);
		};
/* End PBXProject section */

/* Begin PBXResourcesBuildPhase section */
		699D9BD01544D1C600871972 /* Resources */ = {
			isa = PBXResourcesBuildPhase;
			buildActionMask = 2147483647;
			files = (
				699D9BE11544D1C600871972 /* InfoPlist.strings in Resources */,
				699D9BE71544D1C600871972 /* Credits.rtf in Resources */,
				699D9BED1544D1C600871972 /* MainMenu.xib in Resources */,
			);
			runOnlyForDeploymentPostprocessing = 0;
		};
/* End PBXResourcesBuildPhase section */

/* Begin PBXSourcesBuildPhase section */
		699D9BCE1544D1C600871972 /* Sources */ = {
			isa = PBXSourcesBuildPhase;
			buildActionMask = 2147483647;
			files = (
				699D9BE31544D1C600871972 /* main.m in Sources */,
				699D9BEA1544D1C600871972 /* AppDelegate.m in Sources */,
				699D9BF51544D5AB00871972 /* Foo.m in Sources */,
			);
			runOnlyForDeploymentPostprocessing = 0;
		};
/* End PBXSourcesBuildPhase section */

/* Begin PBXVariantGroup section */
		699D9BDF1544D1C600871972 /* InfoPlist.strings */ = {
			isa = PBXVariantGroup;
			children = (
				699D9BE01544D1C600871972 /* en */,
			);
			name = InfoPlist.strings;
			sourceTree = "<group>";
		};
		699D9BE51544D1C600871972 /* Credits.rtf */ = {
			isa = PBXVariantGroup;
			children = (
				699D9BE61544D1C600871972 /* en */,
			);
			name = Credits.rtf;
			sourceTree = "<group>";
		};
		699D9BEB1544D1C600871972 /* MainMenu.xib */ = {
			isa = PBXVariantGroup;
			children = (
				699D9BEC1544D1C600871972 /* en */,
			);
			name = MainMenu.xib;
			sourceTree = "<group>";
		};
/* End PBXVariantGroup section */

/* Begin XCBuildConfiguration section */
		699D9BEE1544D1C600871972 /* Debug */ = {
			isa = XCBuildConfiguration;
			buildSettings = {
				ALWAYS_SEARCH_USER_PATHS = NO;
				ARCHS = "$(ARCHS_STANDARD_64_BIT)";
				COPY_PHASE_STRIP = NO;
				GCC_C_LANGUAGE_STANDARD = gnu99;
				GCC_DYNAMIC_NO_PIC = NO;
				GCC_ENABLE_OBJC_EXCEPTIONS = YES;
				GCC_OPTIMIZATION_LEVEL = 0;
				GCC_PREPROCESSOR_DEFINITIONS = (
					"DEBUG=1",
					"$(inherited)",
				);
				GCC_SYMBOLS_PRIVATE_EXTERN = NO;
				GCC_VERSION = com.apple.compilers.llvm.clang.1_0;
				GCC_WARN_64_TO_32_BIT_CONVERSION = YES;
				GCC_WARN_ABOUT_RETURN_TYPE = YES;
				GCC_WARN_UNINITIALIZED_AUTOS = YES;
				GCC_WARN_UNUSED_VARIABLE = YES;
				MACOSX_DEPLOYMENT_TARGET = 10.7;
				ONLY_ACTIVE_ARCH = YES;
				SDKROOT = macosx;
			};
			name = Debug;
		};
		699D9BEF1544D1C600871972 /* Release */ = {
			isa = XCBuildConfiguration;
			buildSettings = {
				ALWAYS_SEARCH_USER_PATHS = NO;
				ARCHS = "$(ARCHS_STANDARD_64_BIT)";
				COPY_PHASE_STRIP = YES;
				DEBUG_INFORMATION_FORMAT = "dwarf-with-dsym";
				GCC_C_LANGUAGE_STANDARD = gnu99;
				GCC_ENABLE_OBJC_EXCEPTIONS = YES;
				GCC_VERSION = com.apple.compilers.llvm.clang.1_0;
				GCC_WARN_64_TO_32_BIT_CONVERSION = YES;
				GCC_WARN_ABOUT_RETURN_TYPE = YES;
				GCC_WARN_UNINITIALIZED_AUTOS = YES;
				GCC_WARN_UNUSED_VARIABLE = YES;
				MACOSX_DEPLOYMENT_TARGET = 10.7;
				SDKROOT = macosx;
			};
			name = Release;
		};
		699D9BF11544D1C600871972 /* Debug */ = {
			isa = XCBuildConfiguration;
			buildSettings = {
				GCC_PRECOMPILE_PREFIX_HEADER = YES;
				GCC_PREFIX_HEADER = "RandomAPP/RandomAPP-Prefix.pch";
				INFOPLIST_FILE = "RandomAPP/RandomAPP-Info.plist";
				PRODUCT_NAME = "$(TARGET_NAME)";
				WRAPPER_EXTENSION = app;
			};
			name = Debug;
		};
		699D9BF21544D1C600871972 /* Release */ = {
			isa = XCBuildConfiguration;
			buildSettings = {
				GCC_PRECOMPILE_PREFIX_HEADER = YES;
				GCC_PREFIX_HEADER = "RandomAPP/RandomAPP-Prefix.pch";
				INFOPLIST_FILE = "RandomAPP/RandomAPP-Info.plist";
				PRODUCT_NAME = "$(TARGET_NAME)";
				WRAPPER_EXTENSION = app;
			};
			name = Release;
		};
/* End XCBuildConfiguration section */

/* Begin XCConfigurationList section */
		699D9BCC1544D1C500871972 /* Build configuration list for PBXProject "RandomAPP" */ = {
			isa = XCConfigurationList;
			buildConfigurations = (
				699D9BEE1544D1C600871972 /* Debug */,
				699D9BEF1544D1C600871972 /* Release */,
			);
			defaultConfigurationIsVisible = 0;
			defaultConfigurationName = Release;
		};
		699D9BF01544D1C600871972 /* Build configuration list for PBXNativeTarget "RandomAPP" */ = {
			isa = XCConfigurationList;
			buildConfigurations = (
				699D9BF11544D1C600871972 /* Debug */,
				699D9BF21544D1C600871972 /* Release */,
			);
			defaultConfigurationIsVisible = 0;
		};
/* End XCConfigurationList section */
	};
	rootObject = 699D9BC91544D1C500871972 /* Project object */;
}
