// !$*UTF8*$!
{
	archiveVersion = 1;
	classes = {
	};
	objectVersion = 46;
	objects = {

/* Begin PBXBuildFile section */
		69D8D3D515969D5300287CCC /* Cocoa.framework in Frameworks */ = {isa = PBXBuildFile; fileRef = 69D8D3D415969D5300287CCC /* Cocoa.framework */; };
		69D8D3DF15969D5300287CCC /* InfoPlist.strings in Resources */ = {isa = PBXBuildFile; fileRef = 69D8D3DD15969D5300287CCC /* InfoPlist.strings */; };
		69D8D3E115969D5300287CCC /* main.m in Sources */ = {isa = PBXBuildFile; fileRef = 69D8D3E015969D5300287CCC /* main.m */; };
		69D8D3E515969D5300287CCC /* Credits.rtf in Resources */ = {isa = PBXBuildFile; fileRef = 69D8D3E315969D5300287CCC /* Credits.rtf */; };
		69D8D3E815969D5300287CCC /* GlissAppDelegate.m in Sources */ = {isa = PBXBuildFile; fileRef = 69D8D3E715969D5300287CCC /* GlissAppDelegate.m */; };
		69D8D3EB15969D5300287CCC /* MainMenu.xib in Resources */ = {isa = PBXBuildFile; fileRef = 69D8D3E915969D5300287CCC /* MainMenu.xib */; };
		69D8D3F215969D7200287CCC /* OpenGL.framework in Frameworks */ = {isa = PBXBuildFile; fileRef = 69D8D3F115969D7200287CCC /* OpenGL.framework */; };
		69D8D3F415969D7900287CCC /* GLUT.framework in Frameworks */ = {isa = PBXBuildFile; fileRef = 69D8D3F315969D7900287CCC /* GLUT.framework */; };
		69D8D3F715969DB600287CCC /* GlissView.m in Sources */ = {isa = PBXBuildFile; fileRef = 69D8D3F615969DB600287CCC /* GlissView.m */; };
/* End PBXBuildFile section */

/* Begin PBXFileReference section */
		69D8D3D015969D5300287CCC /* Gliss.app */ = {isa = PBXFileReference; explicitFileType = wrapper.application; includeInIndex = 0; path = Gliss.app; sourceTree = BUILT_PRODUCTS_DIR; };
		69D8D3D415969D5300287CCC /* Cocoa.framework */ = {isa = PBXFileReference; lastKnownFileType = wrapper.framework; name = Cocoa.framework; path = System/Library/Frameworks/Cocoa.framework; sourceTree = SDKROOT; };
		69D8D3D715969D5300287CCC /* AppKit.framework */ = {isa = PBXFileReference; lastKnownFileType = wrapper.framework; name = AppKit.framework; path = System/Library/Frameworks/AppKit.framework; sourceTree = SDKROOT; };
		69D8D3D815969D5300287CCC /* CoreData.framework */ = {isa = PBXFileReference; lastKnownFileType = wrapper.framework; name = CoreData.framework; path = System/Library/Frameworks/CoreData.framework; sourceTree = SDKROOT; };
		69D8D3D915969D5300287CCC /* Foundation.framework */ = {isa = PBXFileReference; lastKnownFileType = wrapper.framework; name = Foundation.framework; path = System/Library/Frameworks/Foundation.framework; sourceTree = SDKROOT; };
		69D8D3DC15969D5300287CCC /* Gliss-Info.plist */ = {isa = PBXFileReference; lastKnownFileType = text.plist.xml; path = "Gliss-Info.plist"; sourceTree = "<group>"; };
		69D8D3DE15969D5300287CCC /* en */ = {isa = PBXFileReference; lastKnownFileType = text.plist.strings; name = en; path = en.lproj/InfoPlist.strings; sourceTree = "<group>"; };
		69D8D3E015969D5300287CCC /* main.m */ = {isa = PBXFileReference; lastKnownFileType = sourcecode.c.objc; path = main.m; sourceTree = "<group>"; };
		69D8D3E215969D5300287CCC /* Gliss-Prefix.pch */ = {isa = PBXFileReference; lastKnownFileType = sourcecode.c.h; path = "Gliss-Prefix.pch"; sourceTree = "<group>"; };
		69D8D3E415969D5300287CCC /* en */ = {isa = PBXFileReference; lastKnownFileType = text.rtf; name = en; path = en.lproj/Credits.rtf; sourceTree = "<group>"; };
		69D8D3E615969D5300287CCC /* GlissAppDelegate.h */ = {isa = PBXFileReference; lastKnownFileType = sourcecode.c.h; path = GlissAppDelegate.h; sourceTree = "<group>"; };
		69D8D3E715969D5300287CCC /* GlissAppDelegate.m */ = {isa = PBXFileReference; lastKnownFileType = sourcecode.c.objc; path = GlissAppDelegate.m; sourceTree = "<group>"; };
		69D8D3EA15969D5300287CCC /* en */ = {isa = PBXFileReference; lastKnownFileType = file.xib; name = en; path = en.lproj/MainMenu.xib; sourceTree = "<group>"; };
		69D8D3F115969D7200287CCC /* OpenGL.framework */ = {isa = PBXFileReference; lastKnownFileType = wrapper.framework; name = OpenGL.framework; path = System/Library/Frameworks/OpenGL.framework; sourceTree = SDKROOT; };
		69D8D3F315969D7900287CCC /* GLUT.framework */ = {isa = PBXFileReference; lastKnownFileType = wrapper.framework; name = GLUT.framework; path = System/Library/Frameworks/GLUT.framework; sourceTree = SDKROOT; };
		69D8D3F515969DB600287CCC /* GlissView.h */ = {isa = PBXFileReference; fileEncoding = 4; lastKnownFileType = sourcecode.c.h; path = GlissView.h; sourceTree = "<group>"; };
		69D8D3F615969DB600287CCC /* GlissView.m */ = {isa = PBXFileReference; fileEncoding = 4; lastKnownFileType = sourcecode.c.objc; path = GlissView.m; sourceTree = "<group>"; };
/* End PBXFileReference section */

/* Begin PBXFrameworksBuildPhase section */
		69D8D3CD15969D5300287CCC /* Frameworks */ = {
			isa = PBXFrameworksBuildPhase;
			buildActionMask = 2147483647;
			files = (
				69D8D3F415969D7900287CCC /* GLUT.framework in Frameworks */,
				69D8D3F215969D7200287CCC /* OpenGL.framework in Frameworks */,
				69D8D3D515969D5300287CCC /* Cocoa.framework in Frameworks */,
			);
			runOnlyForDeploymentPostprocessing = 0;
		};
/* End PBXFrameworksBuildPhase section */

/* Begin PBXGroup section */
		69D8D3C515969D5300287CCC = {
			isa = PBXGroup;
			children = (
				69D8D3F315969D7900287CCC /* GLUT.framework */,
				69D8D3F115969D7200287CCC /* OpenGL.framework */,
				69D8D3DA15969D5300287CCC /* Gliss */,
				69D8D3D315969D5300287CCC /* Frameworks */,
				69D8D3D115969D5300287CCC /* Products */,
			);
			sourceTree = "<group>";
		};
		69D8D3D115969D5300287CCC /* Products */ = {
			isa = PBXGroup;
			children = (
				69D8D3D015969D5300287CCC /* Gliss.app */,
			);
			name = Products;
			sourceTree = "<group>";
		};
		69D8D3D315969D5300287CCC /* Frameworks */ = {
			isa = PBXGroup;
			children = (
				69D8D3D415969D5300287CCC /* Cocoa.framework */,
				69D8D3D615969D5300287CCC /* Other Frameworks */,
			);
			name = Frameworks;
			sourceTree = "<group>";
		};
		69D8D3D615969D5300287CCC /* Other Frameworks */ = {
			isa = PBXGroup;
			children = (
				69D8D3D715969D5300287CCC /* AppKit.framework */,
				69D8D3D815969D5300287CCC /* CoreData.framework */,
				69D8D3D915969D5300287CCC /* Foundation.framework */,
			);
			name = "Other Frameworks";
			sourceTree = "<group>";
		};
		69D8D3DA15969D5300287CCC /* Gliss */ = {
			isa = PBXGroup;
			children = (
				69D8D3E615969D5300287CCC /* GlissAppDelegate.h */,
				69D8D3F515969DB600287CCC /* GlissView.h */,
				69D8D3F615969DB600287CCC /* GlissView.m */,
				69D8D3E715969D5300287CCC /* GlissAppDelegate.m */,
				69D8D3E915969D5300287CCC /* MainMenu.xib */,
				69D8D3DB15969D5300287CCC /* Supporting Files */,
			);
			path = Gliss;
			sourceTree = "<group>";
		};
		69D8D3DB15969D5300287CCC /* Supporting Files */ = {
			isa = PBXGroup;
			children = (
				69D8D3DC15969D5300287CCC /* Gliss-Info.plist */,
				69D8D3DD15969D5300287CCC /* InfoPlist.strings */,
				69D8D3E015969D5300287CCC /* main.m */,
				69D8D3E215969D5300287CCC /* Gliss-Prefix.pch */,
				69D8D3E315969D5300287CCC /* Credits.rtf */,
			);
			name = "Supporting Files";
			sourceTree = "<group>";
		};
/* End PBXGroup section */

/* Begin PBXNativeTarget section */
		69D8D3CF15969D5300287CCC /* Gliss */ = {
			isa = PBXNativeTarget;
			buildConfigurationList = 69D8D3EE15969D5300287CCC /* Build configuration list for PBXNativeTarget "Gliss" */;
			buildPhases = (
				69D8D3CC15969D5300287CCC /* Sources */,
				69D8D3CD15969D5300287CCC /* Frameworks */,
				69D8D3CE15969D5300287CCC /* Resources */,
			);
			buildRules = (
			);
			dependencies = (
			);
			name = Gliss;
			productName = Gliss;
			productReference = 69D8D3D015969D5300287CCC /* Gliss.app */;
			productType = "com.apple.product-type.application";
		};
/* End PBXNativeTarget section */

/* Begin PBXProject section */
		69D8D3C715969D5300287CCC /* Project object */ = {
			isa = PBXProject;
			attributes = {
				CLASSPREFIX = Gliss;
				LastUpgradeCheck = 0430;
				ORGANIZATIONNAME = derrik.org;
			};
			buildConfigurationList = 69D8D3CA15969D5300287CCC /* Build configuration list for PBXProject "Gliss" */;
			compatibilityVersion = "Xcode 3.2";
			developmentRegion = English;
			hasScannedForEncodings = 0;
			knownRegions = (
				en,
			);
			mainGroup = 69D8D3C515969D5300287CCC;
			productRefGroup = 69D8D3D115969D5300287CCC /* Products */;
			projectDirPath = "";
			projectRoot = "";
			targets = (
				69D8D3CF15969D5300287CCC /* Gliss */,
			);
		};
/* End PBXProject section */

/* Begin PBXResourcesBuildPhase section */
		69D8D3CE15969D5300287CCC /* Resources */ = {
			isa = PBXResourcesBuildPhase;
			buildActionMask = 2147483647;
			files = (
				69D8D3DF15969D5300287CCC /* InfoPlist.strings in Resources */,
				69D8D3E515969D5300287CCC /* Credits.rtf in Resources */,
				69D8D3EB15969D5300287CCC /* MainMenu.xib in Resources */,
			);
			runOnlyForDeploymentPostprocessing = 0;
		};
/* End PBXResourcesBuildPhase section */

/* Begin PBXSourcesBuildPhase section */
		69D8D3CC15969D5300287CCC /* Sources */ = {
			isa = PBXSourcesBuildPhase;
			buildActionMask = 2147483647;
			files = (
				69D8D3E115969D5300287CCC /* main.m in Sources */,
				69D8D3E815969D5300287CCC /* GlissAppDelegate.m in Sources */,
				69D8D3F715969DB600287CCC /* GlissView.m in Sources */,
			);
			runOnlyForDeploymentPostprocessing = 0;
		};
/* End PBXSourcesBuildPhase section */

/* Begin PBXVariantGroup section */
		69D8D3DD15969D5300287CCC /* InfoPlist.strings */ = {
			isa = PBXVariantGroup;
			children = (
				69D8D3DE15969D5300287CCC /* en */,
			);
			name = InfoPlist.strings;
			sourceTree = "<group>";
		};
		69D8D3E315969D5300287CCC /* Credits.rtf */ = {
			isa = PBXVariantGroup;
			children = (
				69D8D3E415969D5300287CCC /* en */,
			);
			name = Credits.rtf;
			sourceTree = "<group>";
		};
		69D8D3E915969D5300287CCC /* MainMenu.xib */ = {
			isa = PBXVariantGroup;
			children = (
				69D8D3EA15969D5300287CCC /* en */,
			);
			name = MainMenu.xib;
			sourceTree = "<group>";
		};
/* End PBXVariantGroup section */

/* Begin XCBuildConfiguration section */
		69D8D3EC15969D5300287CCC /* Debug */ = {
			isa = XCBuildConfiguration;
			buildSettings = {
				ALWAYS_SEARCH_USER_PATHS = NO;
				ARCHS = "$(ARCHS_STANDARD_64_BIT)";
				CLANG_ENABLE_OBJC_ARC = YES;
				COPY_PHASE_STRIP = NO;
				GCC_C_LANGUAGE_STANDARD = gnu99;
				GCC_DYNAMIC_NO_PIC = NO;
				GCC_ENABLE_OBJC_EXCEPTIONS = YES;
				GCC_OPTIMIZATION_LEVEL = 0;
				GCC_PREPROCESSOR_DEFINITIONS = (
					"DEBUG=1",
					"$(inherited)",
				);
				GCC_SYMBOLS_PRIVATE_EXTERN = NO;
				GCC_VERSION = com.apple.compilers.llvm.clang.1_0;
				GCC_WARN_64_TO_32_BIT_CONVERSION = YES;
				GCC_WARN_ABOUT_RETURN_TYPE = YES;
				GCC_WARN_UNINITIALIZED_AUTOS = YES;
				GCC_WARN_UNUSED_VARIABLE = YES;
				MACOSX_DEPLOYMENT_TARGET = 10.7;
				ONLY_ACTIVE_ARCH = YES;
				SDKROOT = macosx;
			};
			name = Debug;
		};
		69D8D3ED15969D5300287CCC /* Release */ = {
			isa = XCBuildConfiguration;
			buildSettings = {
				ALWAYS_SEARCH_USER_PATHS = NO;
				ARCHS = "$(ARCHS_STANDARD_64_BIT)";
				CLANG_ENABLE_OBJC_ARC = YES;
				COPY_PHASE_STRIP = YES;
				DEBUG_INFORMATION_FORMAT = "dwarf-with-dsym";
				GCC_C_LANGUAGE_STANDARD = gnu99;
				GCC_ENABLE_OBJC_EXCEPTIONS = YES;
				GCC_VERSION = com.apple.compilers.llvm.clang.1_0;
				GCC_WARN_64_TO_32_BIT_CONVERSION = YES;
				GCC_WARN_ABOUT_RETURN_TYPE = YES;
				GCC_WARN_UNINITIALIZED_AUTOS = YES;
				GCC_WARN_UNUSED_VARIABLE = YES;
				MACOSX_DEPLOYMENT_TARGET = 10.7;
				SDKROOT = macosx;
			};
			name = Release;
		};
		69D8D3EF15969D5300287CCC /* Debug */ = {
			isa = XCBuildConfiguration;
			buildSettings = {
				GCC_PRECOMPILE_PREFIX_HEADER = YES;
				GCC_PREFIX_HEADER = "Gliss/Gliss-Prefix.pch";
				INFOPLIST_FILE = "Gliss/Gliss-Info.plist";
				PRODUCT_NAME = "$(TARGET_NAME)";
				WRAPPER_EXTENSION = app;
			};
			name = Debug;
		};
		69D8D3F015969D5300287CCC /* Release */ = {
			isa = XCBuildConfiguration;
			buildSettings = {
				GCC_PRECOMPILE_PREFIX_HEADER = YES;
				GCC_PREFIX_HEADER = "Gliss/Gliss-Prefix.pch";
				INFOPLIST_FILE = "Gliss/Gliss-Info.plist";
				PRODUCT_NAME = "$(TARGET_NAME)";
				WRAPPER_EXTENSION = app;
			};
			name = Release;
		};
/* End XCBuildConfiguration section */

/* Begin XCConfigurationList section */
		69D8D3CA15969D5300287CCC /* Build configuration list for PBXProject "Gliss" */ = {
			isa = XCConfigurationList;
			buildConfigurations = (
				69D8D3EC15969D5300287CCC /* Debug */,
				69D8D3ED15969D5300287CCC /* Release */,
			);
			defaultConfigurationIsVisible = 0;
			defaultConfigurationName = Release;
		};
		69D8D3EE15969D5300287CCC /* Build configuration list for PBXNativeTarget "Gliss" */ = {
			isa = XCConfigurationList;
			buildConfigurations = (
				69D8D3EF15969D5300287CCC /* Debug */,
				69D8D3F015969D5300287CCC /* Release */,
			);
			defaultConfigurationIsVisible = 0;
		};
/* End XCConfigurationList section */
	};
	rootObject = 69D8D3C715969D5300287CCC /* Project object */;
}
